
Microsoft Visual Studio Solution File, Format Version 12.00
# Visual Studio Version 16
VisualStudioVersion = 16.0.29409.12
MinimumVisualStudioVersion = 10.0.40219.1
Project("{9A19103F-16F7-4668-BE54-9A1E7A4F7556}") = "WebJobWeb", "WebJobWeb\WebJobWeb.csproj", "{DA1B1F10-2587-4ADB-B186-BC9C54A75A95}"
EndProject
Project("{FAE04EC0-301F-11D3-BF4B-00C04F79EFBC}") = "WebJobWorker", "WebJobWorker\WebJobWorker.csproj", "{19BA596B-C90E-4B4B-AB25-EB2A9B04441C}"
EndProject
Global
	GlobalSection(SolutionConfigurationPlatforms) = preSolution
		Debug|Any CPU = Debug|Any CPU
		Release|Any CPU = Release|Any CPU
	EndGlobalSection
	GlobalSection(ProjectConfigurationPlatforms) = postSolution
		{DA1B1F10-2587-4ADB-B186-BC9C54A75A95}.Debug|Any CPU.ActiveCfg = Debug|Any CPU
		{DA1B1F10-2587-4ADB-B186-BC9C54A75A95}.Debug|Any CPU.Build.0 = Debug|Any CPU
		{DA1B1F10-2587-4ADB-B186-BC9C54A75A95}.Release|Any CPU.ActiveCfg = Release|Any CPU
		{DA1B1F10-2587-4ADB-B186-BC9C54A75A95}.Release|Any CPU.Build.0 = Release|Any CPU
		{19BA596B-C90E-4B4B-AB25-EB2A9B04441C}.Debug|Any CPU.ActiveCfg = Debug|Any CPU
		{19BA596B-C90E-4B4B-AB25-EB2A9B04441C}.Debug|Any CPU.Build.0 = Debug|Any CPU
		{19BA596B-C90E-4B4B-AB25-EB2A9B04441C}.Release|Any CPU.ActiveCfg = Release|Any CPU
		{19BA596B-C90E-4B4B-AB25-EB2A9B04441C}.Release|Any CPU.Build.0 = Release|Any CPU
	EndGlobalSection
	GlobalSection(SolutionProperties) = preSolution
		HideSolutionNode = FALSE
	EndGlobalSection
	GlobalSection(ExtensibilityGlobals) = postSolution
		SolutionGuid = {EC4EB1E4-4F85-4799-9ACF-6388136DCF94}
	EndGlobalSection
EndGlobal
